
Microsoft Visual Studio Solution File, Format Version 12.00
# Visual Studio 14
VisualStudioVersion = 14.0.23107.0
MinimumVisualStudioVersion = 10.0.40219.1
Project("{FAE04EC0-301F-11D3-BF4B-00C04F79EFBC}") = "20.15 文件操作FileStream类", "20.15 文件操作FileStream类\20.15 文件操作FileStream类.csproj", "{327526BF-80F8-40EA-B84A-4BC85EE62B4E}"
EndProject
Global
	GlobalSection(SolutionConfigurationPlatforms) = preSolution
		Debug|Any CPU = Debug|Any CPU
		Release|Any CPU = Release|Any CPU
	EndGlobalSection
	GlobalSection(ProjectConfigurationPlatforms) = postSolution
		{327526BF-80F8-40EA-B84A-4BC85EE62B4E}.Debug|Any CPU.ActiveCfg = Debug|Any CPU
		{327526BF-80F8-40EA-B84A-4BC85EE62B4E}.Debug|Any CPU.Build.0 = Debug|Any CPU
		{327526BF-80F8-40EA-B84A-4BC85EE62B4E}.Release|Any CPU.ActiveCfg = Release|Any CPU
		{327526BF-80F8-40EA-B84A-4BC85EE62B4E}.Release|Any CPU.Build.0 = Release|Any CPU
	EndGlobalSection
	GlobalSection(SolutionProperties) = preSolution
		HideSolutionNode = FALSE
	EndGlobalSection
EndGlobal
