
Microsoft Visual Studio Solution File, Format Version 12.00
# Visual Studio 14
VisualStudioVersion = 14.0.23107.0
MinimumVisualStudioVersion = 10.0.40219.1
Project("{FAE04EC0-301F-11D3-BF4B-00C04F79EFBC}") = "7.10 ArrayList类中元素的删除", "7.10 ArrayList类中元素的删除\7.10 ArrayList类中元素的删除.csproj", "{5F9A79BF-7C87-4332-812C-4C18828D09B4}"
EndProject
Global
	GlobalSection(SolutionConfigurationPlatforms) = preSolution
		Debug|Any CPU = Debug|Any CPU
		Release|Any CPU = Release|Any CPU
	EndGlobalSection
	GlobalSection(ProjectConfigurationPlatforms) = postSolution
		{5F9A79BF-7C87-4332-812C-4C18828D09B4}.Debug|Any CPU.ActiveCfg = Debug|Any CPU
		{5F9A79BF-7C87-4332-812C-4C18828D09B4}.Debug|Any CPU.Build.0 = Debug|Any CPU
		{5F9A79BF-7C87-4332-812C-4C18828D09B4}.Release|Any CPU.ActiveCfg = Release|Any CPU
		{5F9A79BF-7C87-4332-812C-4C18828D09B4}.Release|Any CPU.Build.0 = Release|Any CPU
	EndGlobalSection
	GlobalSection(SolutionProperties) = preSolution
		HideSolutionNode = FALSE
	EndGlobalSection
EndGlobal
