
Microsoft Visual Studio Solution File, Format Version 12.00
# Visual Studio 14
VisualStudioVersion = 14.0.23107.0
MinimumVisualStudioVersion = 10.0.40219.1
Project("{FAE04EC0-301F-11D3-BF4B-00C04F79EFBC}") = "22.5 绘制基本图形之矩形与多边形", "22.5 绘制基本图形之矩形与多边形\22.5 绘制基本图形之矩形与多边形.csproj", "{698D23E5-3541-468C-978A-C9D73900D57E}"
EndProject
Project("{FAE04EC0-301F-11D3-BF4B-00C04F79EFBC}") = "polygonDraw", "polygonDraw\polygonDraw.csproj", "{C6B3BA6A-C7E9-45E6-8DCA-73FEDFBF92C0}"
EndProject
Global
	GlobalSection(SolutionConfigurationPlatforms) = preSolution
		Debug|Any CPU = Debug|Any CPU
		Release|Any CPU = Release|Any CPU
	EndGlobalSection
	GlobalSection(ProjectConfigurationPlatforms) = postSolution
		{698D23E5-3541-468C-978A-C9D73900D57E}.Debug|Any CPU.ActiveCfg = Debug|Any CPU
		{698D23E5-3541-468C-978A-C9D73900D57E}.Debug|Any CPU.Build.0 = Debug|Any CPU
		{698D23E5-3541-468C-978A-C9D73900D57E}.Release|Any CPU.ActiveCfg = Release|Any CPU
		{698D23E5-3541-468C-978A-C9D73900D57E}.Release|Any CPU.Build.0 = Release|Any CPU
		{C6B3BA6A-C7E9-45E6-8DCA-73FEDFBF92C0}.Debug|Any CPU.ActiveCfg = Debug|Any CPU
		{C6B3BA6A-C7E9-45E6-8DCA-73FEDFBF92C0}.Debug|Any CPU.Build.0 = Debug|Any CPU
		{C6B3BA6A-C7E9-45E6-8DCA-73FEDFBF92C0}.Release|Any CPU.ActiveCfg = Release|Any CPU
		{C6B3BA6A-C7E9-45E6-8DCA-73FEDFBF92C0}.Release|Any CPU.Build.0 = Release|Any CPU
	EndGlobalSection
	GlobalSection(SolutionProperties) = preSolution
		HideSolutionNode = FALSE
	EndGlobalSection
EndGlobal
