
Microsoft Visual Studio Solution File, Format Version 12.00
# Visual Studio 14
VisualStudioVersion = 14.0.23107.0
MinimumVisualStudioVersion = 10.0.40219.1
Project("{FAE04EC0-301F-11D3-BF4B-00C04F79EFBC}") = "20.9 文件夹操作之判断是否存在", "20.9 文件夹操作之判断是否存在\20.9 文件夹操作之判断是否存在.csproj", "{029C86AF-2790-4DA3-A644-3BBD8AD036A8}"
EndProject
Global
	GlobalSection(SolutionConfigurationPlatforms) = preSolution
		Debug|Any CPU = Debug|Any CPU
		Release|Any CPU = Release|Any CPU
	EndGlobalSection
	GlobalSection(ProjectConfigurationPlatforms) = postSolution
		{029C86AF-2790-4DA3-A644-3BBD8AD036A8}.Debug|Any CPU.ActiveCfg = Debug|Any CPU
		{029C86AF-2790-4DA3-A644-3BBD8AD036A8}.Debug|Any CPU.Build.0 = Debug|Any CPU
		{029C86AF-2790-4DA3-A644-3BBD8AD036A8}.Release|Any CPU.ActiveCfg = Release|Any CPU
		{029C86AF-2790-4DA3-A644-3BBD8AD036A8}.Release|Any CPU.Build.0 = Release|Any CPU
	EndGlobalSection
	GlobalSection(SolutionProperties) = preSolution
		HideSolutionNode = FALSE
	EndGlobalSection
EndGlobal
