
Microsoft Visual Studio Solution File, Format Version 12.00
# Visual Studio 14
VisualStudioVersion = 14.0.23107.0
MinimumVisualStudioVersion = 10.0.40219.1
Project("{FAE04EC0-301F-11D3-BF4B-00C04F79EFBC}") = "20.5 文件操作之复制", "20.5 文件操作之复制\20.5 文件操作之复制.csproj", "{7A94E2B0-46E6-46FE-8B5C-E1038F12327C}"
EndProject
Global
	GlobalSection(SolutionConfigurationPlatforms) = preSolution
		Debug|Any CPU = Debug|Any CPU
		Release|Any CPU = Release|Any CPU
	EndGlobalSection
	GlobalSection(ProjectConfigurationPlatforms) = postSolution
		{7A94E2B0-46E6-46FE-8B5C-E1038F12327C}.Debug|Any CPU.ActiveCfg = Debug|Any CPU
		{7A94E2B0-46E6-46FE-8B5C-E1038F12327C}.Debug|Any CPU.Build.0 = Debug|Any CPU
		{7A94E2B0-46E6-46FE-8B5C-E1038F12327C}.Release|Any CPU.ActiveCfg = Release|Any CPU
		{7A94E2B0-46E6-46FE-8B5C-E1038F12327C}.Release|Any CPU.Build.0 = Release|Any CPU
	EndGlobalSection
	GlobalSection(SolutionProperties) = preSolution
		HideSolutionNode = FALSE
	EndGlobalSection
EndGlobal
