
Microsoft Visual Studio Solution File, Format Version 12.00
# Visual Studio 14
VisualStudioVersion = 14.0.23107.0
MinimumVisualStudioVersion = 10.0.40219.1
Project("{FAE04EC0-301F-11D3-BF4B-00C04F79EFBC}") = "22.6 绘制基本图形之椭圆、弧、扇形", "22.6 绘制基本图形之椭圆、弧、扇形\22.6 绘制基本图形之椭圆、弧、扇形.csproj", "{ACADFAAB-C344-46E4-A85A-B81AFEE13D7E}"
EndProject
Global
	GlobalSection(SolutionConfigurationPlatforms) = preSolution
		Debug|Any CPU = Debug|Any CPU
		Release|Any CPU = Release|Any CPU
	EndGlobalSection
	GlobalSection(ProjectConfigurationPlatforms) = postSolution
		{ACADFAAB-C344-46E4-A85A-B81AFEE13D7E}.Debug|Any CPU.ActiveCfg = Debug|Any CPU
		{ACADFAAB-C344-46E4-A85A-B81AFEE13D7E}.Debug|Any CPU.Build.0 = Debug|Any CPU
		{ACADFAAB-C344-46E4-A85A-B81AFEE13D7E}.Release|Any CPU.ActiveCfg = Release|Any CPU
		{ACADFAAB-C344-46E4-A85A-B81AFEE13D7E}.Release|Any CPU.Build.0 = Release|Any CPU
	EndGlobalSection
	GlobalSection(SolutionProperties) = preSolution
		HideSolutionNode = FALSE
	EndGlobalSection
EndGlobal
