
Microsoft Visual Studio Solution File, Format Version 12.00
# Visual Studio 14
VisualStudioVersion = 14.0.23107.0
MinimumVisualStudioVersion = 10.0.40219.1
Project("{FAE04EC0-301F-11D3-BF4B-00C04F79EFBC}") = "11.7 本章小结及任务实施", "11.7 本章小结及任务实施\11.7 本章小结及任务实施.csproj", "{8580B730-D83E-41CD-96A8-8B62E15617BC}"
EndProject
Global
	GlobalSection(SolutionConfigurationPlatforms) = preSolution
		Debug|Any CPU = Debug|Any CPU
		Release|Any CPU = Release|Any CPU
	EndGlobalSection
	GlobalSection(ProjectConfigurationPlatforms) = postSolution
		{8580B730-D83E-41CD-96A8-8B62E15617BC}.Debug|Any CPU.ActiveCfg = Debug|Any CPU
		{8580B730-D83E-41CD-96A8-8B62E15617BC}.Debug|Any CPU.Build.0 = Debug|Any CPU
		{8580B730-D83E-41CD-96A8-8B62E15617BC}.Release|Any CPU.ActiveCfg = Release|Any CPU
		{8580B730-D83E-41CD-96A8-8B62E15617BC}.Release|Any CPU.Build.0 = Release|Any CPU
	EndGlobalSection
	GlobalSection(SolutionProperties) = preSolution
		HideSolutionNode = FALSE
	EndGlobalSection
EndGlobal
