
Microsoft Visual Studio Solution File, Format Version 12.00
# Visual Studio 14
VisualStudioVersion = 14.0.23107.0
MinimumVisualStudioVersion = 10.0.40219.1
Project("{FAE04EC0-301F-11D3-BF4B-00C04F79EFBC}") = "7.11 ArrayList类中元素的遍历与查找", "7.11 ArrayList类中元素的遍历与查找\7.11 ArrayList类中元素的遍历与查找.csproj", "{B72BDE4D-46A1-4494-9B69-F74FA0890175}"
EndProject
Global
	GlobalSection(SolutionConfigurationPlatforms) = preSolution
		Debug|Any CPU = Debug|Any CPU
		Release|Any CPU = Release|Any CPU
	EndGlobalSection
	GlobalSection(ProjectConfigurationPlatforms) = postSolution
		{B72BDE4D-46A1-4494-9B69-F74FA0890175}.Debug|Any CPU.ActiveCfg = Debug|Any CPU
		{B72BDE4D-46A1-4494-9B69-F74FA0890175}.Debug|Any CPU.Build.0 = Debug|Any CPU
		{B72BDE4D-46A1-4494-9B69-F74FA0890175}.Release|Any CPU.ActiveCfg = Release|Any CPU
		{B72BDE4D-46A1-4494-9B69-F74FA0890175}.Release|Any CPU.Build.0 = Release|Any CPU
	EndGlobalSection
	GlobalSection(SolutionProperties) = preSolution
		HideSolutionNode = FALSE
	EndGlobalSection
EndGlobal
