
Microsoft Visual Studio Solution File, Format Version 12.00
# Visual Studio 14
VisualStudioVersion = 14.0.23107.0
MinimumVisualStudioVersion = 10.0.40219.1
Project("{FAE04EC0-301F-11D3-BF4B-00C04F79EFBC}") = "12.10 button控件", "12.10 button控件\12.10 button控件.csproj", "{30B26442-C9BA-42D7-8B18-66B18C59CFED}"
EndProject
Global
	GlobalSection(SolutionConfigurationPlatforms) = preSolution
		Debug|Any CPU = Debug|Any CPU
		Release|Any CPU = Release|Any CPU
	EndGlobalSection
	GlobalSection(ProjectConfigurationPlatforms) = postSolution
		{30B26442-C9BA-42D7-8B18-66B18C59CFED}.Debug|Any CPU.ActiveCfg = Debug|Any CPU
		{30B26442-C9BA-42D7-8B18-66B18C59CFED}.Debug|Any CPU.Build.0 = Debug|Any CPU
		{30B26442-C9BA-42D7-8B18-66B18C59CFED}.Release|Any CPU.ActiveCfg = Release|Any CPU
		{30B26442-C9BA-42D7-8B18-66B18C59CFED}.Release|Any CPU.Build.0 = Release|Any CPU
	EndGlobalSection
	GlobalSection(SolutionProperties) = preSolution
		HideSolutionNode = FALSE
	EndGlobalSection
EndGlobal
