
Microsoft Visual Studio Solution File, Format Version 12.00
# Visual Studio 14
VisualStudioVersion = 14.0.23107.0
MinimumVisualStudioVersion = 10.0.40219.1
Project("{FAE04EC0-301F-11D3-BF4B-00C04F79EFBC}") = "5.1 分支语句之if语句", "5.1 分支语句之if语句\5.1 分支语句之if语句.csproj", "{C0A40345-08A7-40B0-B7B1-A7A0ECF15DBD}"
EndProject
Global
	GlobalSection(SolutionConfigurationPlatforms) = preSolution
		Debug|Any CPU = Debug|Any CPU
		Release|Any CPU = Release|Any CPU
	EndGlobalSection
	GlobalSection(ProjectConfigurationPlatforms) = postSolution
		{C0A40345-08A7-40B0-B7B1-A7A0ECF15DBD}.Debug|Any CPU.ActiveCfg = Debug|Any CPU
		{C0A40345-08A7-40B0-B7B1-A7A0ECF15DBD}.Debug|Any CPU.Build.0 = Debug|Any CPU
		{C0A40345-08A7-40B0-B7B1-A7A0ECF15DBD}.Release|Any CPU.ActiveCfg = Release|Any CPU
		{C0A40345-08A7-40B0-B7B1-A7A0ECF15DBD}.Release|Any CPU.Build.0 = Release|Any CPU
	EndGlobalSection
	GlobalSection(SolutionProperties) = preSolution
		HideSolutionNode = FALSE
	EndGlobalSection
EndGlobal
