
Microsoft Visual Studio Solution File, Format Version 12.00
# Visual Studio 14
VisualStudioVersion = 14.0.23107.0
MinimumVisualStudioVersion = 10.0.40219.1
Project("{FAE04EC0-301F-11D3-BF4B-00C04F79EFBC}") = "19.6 泛型继承之泛型类继承普通类", "19.6 泛型继承之泛型类继承普通类\19.6 泛型继承之泛型类继承普通类.csproj", "{193FA38E-ACE8-412D-94C7-BCEA3069A69A}"
EndProject
Global
	GlobalSection(SolutionConfigurationPlatforms) = preSolution
		Debug|Any CPU = Debug|Any CPU
		Release|Any CPU = Release|Any CPU
	EndGlobalSection
	GlobalSection(ProjectConfigurationPlatforms) = postSolution
		{193FA38E-ACE8-412D-94C7-BCEA3069A69A}.Debug|Any CPU.ActiveCfg = Debug|Any CPU
		{193FA38E-ACE8-412D-94C7-BCEA3069A69A}.Debug|Any CPU.Build.0 = Debug|Any CPU
		{193FA38E-ACE8-412D-94C7-BCEA3069A69A}.Release|Any CPU.ActiveCfg = Release|Any CPU
		{193FA38E-ACE8-412D-94C7-BCEA3069A69A}.Release|Any CPU.Build.0 = Release|Any CPU
	EndGlobalSection
	GlobalSection(SolutionProperties) = preSolution
		HideSolutionNode = FALSE
	EndGlobalSection
EndGlobal
