
Microsoft Visual Studio Solution File, Format Version 12.00
# Visual Studio 14
VisualStudioVersion = 14.0.23107.0
MinimumVisualStudioVersion = 10.0.40219.1
Project("{FAE04EC0-301F-11D3-BF4B-00C04F79EFBC}") = "1.7本章总结及任务实施", "1.7本章总结及任务实施\1.7本章总结及任务实施.csproj", "{F6DA73B1-B63A-4C64-B15C-33FEE3723CD5}"
EndProject
Global
	GlobalSection(SolutionConfigurationPlatforms) = preSolution
		Debug|Any CPU = Debug|Any CPU
		Release|Any CPU = Release|Any CPU
	EndGlobalSection
	GlobalSection(ProjectConfigurationPlatforms) = postSolution
		{F6DA73B1-B63A-4C64-B15C-33FEE3723CD5}.Debug|Any CPU.ActiveCfg = Debug|Any CPU
		{F6DA73B1-B63A-4C64-B15C-33FEE3723CD5}.Debug|Any CPU.Build.0 = Debug|Any CPU
		{F6DA73B1-B63A-4C64-B15C-33FEE3723CD5}.Release|Any CPU.ActiveCfg = Release|Any CPU
		{F6DA73B1-B63A-4C64-B15C-33FEE3723CD5}.Release|Any CPU.Build.0 = Release|Any CPU
	EndGlobalSection
	GlobalSection(SolutionProperties) = preSolution
		HideSolutionNode = FALSE
	EndGlobalSection
EndGlobal
