
Microsoft Visual Studio Solution File, Format Version 12.00
# Visual Studio 14
VisualStudioVersion = 14.0.23107.0
MinimumVisualStudioVersion = 10.0.40219.1
Project("{FAE04EC0-301F-11D3-BF4B-00C04F79EFBC}") = "19.1 泛型概述", "19.1 泛型概述\19.1 泛型概述.csproj", "{01EA0569-F988-4DAC-A41B-60581D4F669B}"
EndProject
Global
	GlobalSection(SolutionConfigurationPlatforms) = preSolution
		Debug|Any CPU = Debug|Any CPU
		Release|Any CPU = Release|Any CPU
	EndGlobalSection
	GlobalSection(ProjectConfigurationPlatforms) = postSolution
		{01EA0569-F988-4DAC-A41B-60581D4F669B}.Debug|Any CPU.ActiveCfg = Debug|Any CPU
		{01EA0569-F988-4DAC-A41B-60581D4F669B}.Debug|Any CPU.Build.0 = Debug|Any CPU
		{01EA0569-F988-4DAC-A41B-60581D4F669B}.Release|Any CPU.ActiveCfg = Release|Any CPU
		{01EA0569-F988-4DAC-A41B-60581D4F669B}.Release|Any CPU.Build.0 = Release|Any CPU
	EndGlobalSection
	GlobalSection(SolutionProperties) = preSolution
		HideSolutionNode = FALSE
	EndGlobalSection
EndGlobal
