
Microsoft Visual Studio Solution File, Format Version 12.00
# Visual Studio 14
VisualStudioVersion = 14.0.23107.0
MinimumVisualStudioVersion = 10.0.40219.1
Project("{FAE04EC0-301F-11D3-BF4B-00C04F79EFBC}") = "ConsoleApplication1", "ConsoleApplication1\ConsoleApplication1.csproj", "{E57B24BC-EFA3-4FC5-9F84-F5DB8D2BE8B8}"
EndProject
Project("{FAE04EC0-301F-11D3-BF4B-00C04F79EFBC}") = "ConsoleApplication2", "ConsoleApplication2\ConsoleApplication2.csproj", "{EE026082-8DBA-4997-A663-2F7424C1E4EF}"
EndProject
Global
	GlobalSection(SolutionConfigurationPlatforms) = preSolution
		Debug|Any CPU = Debug|Any CPU
		Release|Any CPU = Release|Any CPU
	EndGlobalSection
	GlobalSection(ProjectConfigurationPlatforms) = postSolution
		{E57B24BC-EFA3-4FC5-9F84-F5DB8D2BE8B8}.Debug|Any CPU.ActiveCfg = Debug|Any CPU
		{E57B24BC-EFA3-4FC5-9F84-F5DB8D2BE8B8}.Debug|Any CPU.Build.0 = Debug|Any CPU
		{E57B24BC-EFA3-4FC5-9F84-F5DB8D2BE8B8}.Release|Any CPU.ActiveCfg = Release|Any CPU
		{E57B24BC-EFA3-4FC5-9F84-F5DB8D2BE8B8}.Release|Any CPU.Build.0 = Release|Any CPU
		{EE026082-8DBA-4997-A663-2F7424C1E4EF}.Debug|Any CPU.ActiveCfg = Debug|Any CPU
		{EE026082-8DBA-4997-A663-2F7424C1E4EF}.Debug|Any CPU.Build.0 = Debug|Any CPU
		{EE026082-8DBA-4997-A663-2F7424C1E4EF}.Release|Any CPU.ActiveCfg = Release|Any CPU
		{EE026082-8DBA-4997-A663-2F7424C1E4EF}.Release|Any CPU.Build.0 = Release|Any CPU
	EndGlobalSection
	GlobalSection(SolutionProperties) = preSolution
		HideSolutionNode = FALSE
	EndGlobalSection
EndGlobal
